
Microsoft Visual Studio Solution File, Format Version 12.00
# Visual Studio Version 17
VisualStudioVersion = 17.1.32210.238
MinimumVisualStudioVersion = 10.0.40219.1
Project("{9A19103F-16F7-4668-BE54-9A1E7A4F7556}") = "MyWpfSettingsApp", "MyWpfSettingsApp\MyWpfSettingsApp.csproj", "{76AAD276-EEC2-484B-80AA-B37DE3A00EA8}"
EndProject
Global
	GlobalSection(SolutionConfigurationPlatforms) = preSolution
		Debug|Any CPU = Debug|Any CPU
		Release|Any CPU = Release|Any CPU
	EndGlobalSection
	GlobalSection(ProjectConfigurationPlatforms) = postSolution
		{76AAD276-EEC2-484B-80AA-B37DE3A00EA8}.Debug|Any CPU.ActiveCfg = Debug|Any CPU
		{76AAD276-EEC2-484B-80AA-B37DE3A00EA8}.Debug|Any CPU.Build.0 = Debug|Any CPU
		{76AAD276-EEC2-484B-80AA-B37DE3A00EA8}.Release|Any CPU.ActiveCfg = Release|Any CPU
		{76AAD276-EEC2-484B-80AA-B37DE3A00EA8}.Release|Any CPU.Build.0 = Release|Any CPU
	EndGlobalSection
	GlobalSection(SolutionProperties) = preSolution
		HideSolutionNode = FALSE
	EndGlobalSection
	GlobalSection(ExtensibilityGlobals) = postSolution
		SolutionGuid = {86CA4E79-6E13-46DA-A61E-03EA98E4669F}
	EndGlobalSection
EndGlobal
